
Microsoft Visual Studio Solution File, Format Version 12.00
# Visual Studio Version 17
VisualStudioVersion = 17.4.33110.190
MinimumVisualStudioVersion = 10.0.40219.1
Project("{9A19103F-16F7-4668-BE54-9A1E7A4F7556}") = "CheckPropertyAttributeClass", "CheckPropertyAttributeClass\CheckPropertyAttributeClass.csproj", "{7A66AC6B-7EB6-41D3-9E29-403656F06370}"
EndProject
Project("{9A19103F-16F7-4668-BE54-9A1E7A4F7556}") = "Student", "Student\Student.csproj", "{4FCC735C-887C-4BE6-AFF3-042055E481AA}"
EndProject
Global
	GlobalSection(SolutionConfigurationPlatforms) = preSolution
		Debug|Any CPU = Debug|Any CPU
		MediatorPublish|Any CPU = MediatorPublish|Any CPU
		Release|Any CPU = Release|Any CPU
	EndGlobalSection
	GlobalSection(ProjectConfigurationPlatforms) = postSolution
		{7A66AC6B-7EB6-41D3-9E29-403656F06370}.Debug|Any CPU.ActiveCfg = Debug|Any CPU
		{7A66AC6B-7EB6-41D3-9E29-403656F06370}.Debug|Any CPU.Build.0 = Debug|Any CPU
		{7A66AC6B-7EB6-41D3-9E29-403656F06370}.MediatorPublish|Any CPU.ActiveCfg = Debug|Any CPU
		{7A66AC6B-7EB6-41D3-9E29-403656F06370}.MediatorPublish|Any CPU.Build.0 = Debug|Any CPU
		{7A66AC6B-7EB6-41D3-9E29-403656F06370}.Release|Any CPU.ActiveCfg = Release|Any CPU
		{7A66AC6B-7EB6-41D3-9E29-403656F06370}.Release|Any CPU.Build.0 = Release|Any CPU
		{4FCC735C-887C-4BE6-AFF3-042055E481AA}.Debug|Any CPU.ActiveCfg = Debug|Any CPU
		{4FCC735C-887C-4BE6-AFF3-042055E481AA}.Debug|Any CPU.Build.0 = Debug|Any CPU
		{4FCC735C-887C-4BE6-AFF3-042055E481AA}.MediatorPublish|Any CPU.ActiveCfg = Debug|Any CPU
		{4FCC735C-887C-4BE6-AFF3-042055E481AA}.MediatorPublish|Any CPU.Build.0 = Debug|Any CPU
		{4FCC735C-887C-4BE6-AFF3-042055E481AA}.Release|Any CPU.ActiveCfg = Release|Any CPU
		{4FCC735C-887C-4BE6-AFF3-042055E481AA}.Release|Any CPU.Build.0 = Release|Any CPU
	EndGlobalSection
	GlobalSection(SolutionProperties) = preSolution
		HideSolutionNode = FALSE
	EndGlobalSection
	GlobalSection(ExtensibilityGlobals) = postSolution
		SolutionGuid = {208C6DC2-66D7-4697-B7F3-63A9F39F43FF}
	EndGlobalSection
EndGlobal
